// !$*UTF8*$!
{
	archiveVersion = 1;
	classes = {
	};
	objectVersion = 50;
	objects = {

/* Begin PBXBuildFile section */
		1E5B904370DFD869618903CD /* Pods_Alhabib_Abobakr.framework in Frameworks */ = {isa = PBXBuildFile; fileRef = B261D070DEEEA046F67D9C89 /* Pods_Alhabib_Abobakr.framework */; };
		30ABB568219AF22F00725F71 /* AppDelegate.swift in Sources */ = {isa = PBXBuildFile; fileRef = 30ABB567219AF22F00725F71 /* AppDelegate.swift */; };
		30ABB56A219AF22F00725F71 /* ViewController.swift in Sources */ = {isa = PBXBuildFile; fileRef = 30ABB569219AF22F00725F71 /* ViewController.swift */; };
		30ABB56D219AF22F00725F71 /* Main.storyboard in Resources */ = {isa = PBXBuildFile; fileRef = 30ABB56B219AF22F00725F71 /* Main.storyboard */; };
		30ABB56F219AF23400725F71 /* Assets.xcassets in Resources */ = {isa = PBXBuildFile; fileRef = 30ABB56E219AF23400725F71 /* Assets.xcassets */; };
		30ABB572219AF23400725F71 /* LaunchScreen.storyboard in Resources */ = {isa = PBXBuildFile; fileRef = 30ABB570219AF23400725F71 /* LaunchScreen.storyboard */; };
		30ABB57B219B0C4100725F71 /* catCell.swift in Sources */ = {isa = PBXBuildFile; fileRef = 30ABB57A219B0C4100725F71 /* catCell.swift */; };
		30ABB57E219B0DAF00725F71 /* CatItem.swift in Sources */ = {isa = PBXBuildFile; fileRef = 30ABB57D219B0DAF00725F71 /* CatItem.swift */; };
		30ABB581219B124200725F71 /* Cats.plist in Resources */ = {isa = PBXBuildFile; fileRef = 30ABB580219B124200725F71 /* Cats.plist */; };
		30ABB584219B351400725F71 /* API+Banner.swift in Sources */ = {isa = PBXBuildFile; fileRef = 30ABB583219B351400725F71 /* API+Banner.swift */; };
/* End PBXBuildFile section */

/* Begin PBXFileReference section */
		30ABB564219AF22F00725F71 /* Alhabib Abobakr.app */ = {isa = PBXFileReference; explicitFileType = wrapper.application; includeInIndex = 0; path = "Alhabib Abobakr.app"; sourceTree = BUILT_PRODUCTS_DIR; };
		30ABB567219AF22F00725F71 /* AppDelegate.swift */ = {isa = PBXFileReference; lastKnownFileType = sourcecode.swift; path = AppDelegate.swift; sourceTree = "<group>"; };
		30ABB569219AF22F00725F71 /* ViewController.swift */ = {isa = PBXFileReference; lastKnownFileType = sourcecode.swift; path = ViewController.swift; sourceTree = "<group>"; };
		30ABB56C219AF22F00725F71 /* Base */ = {isa = PBXFileReference; lastKnownFileType = file.storyboard; name = Base; path = Base.lproj/Main.storyboard; sourceTree = "<group>"; };
		30ABB56E219AF23400725F71 /* Assets.xcassets */ = {isa = PBXFileReference; lastKnownFileType = folder.assetcatalog; path = Assets.xcassets; sourceTree = "<group>"; };
		30ABB571219AF23400725F71 /* Base */ = {isa = PBXFileReference; lastKnownFileType = file.storyboard; name = Base; path = Base.lproj/LaunchScreen.storyboard; sourceTree = "<group>"; };
		30ABB573219AF23400725F71 /* Info.plist */ = {isa = PBXFileReference; lastKnownFileType = text.plist.xml; path = Info.plist; sourceTree = "<group>"; };
		30ABB57A219B0C4100725F71 /* catCell.swift */ = {isa = PBXFileReference; lastKnownFileType = sourcecode.swift; path = catCell.swift; sourceTree = "<group>"; };
		30ABB57D219B0DAF00725F71 /* CatItem.swift */ = {isa = PBXFileReference; lastKnownFileType = sourcecode.swift; path = CatItem.swift; sourceTree = "<group>"; };
		30ABB580219B124200725F71 /* Cats.plist */ = {isa = PBXFileReference; lastKnownFileType = text.plist.xml; path = Cats.plist; sourceTree = "<group>"; };
		30ABB583219B351400725F71 /* API+Banner.swift */ = {isa = PBXFileReference; lastKnownFileType = sourcecode.swift; path = "API+Banner.swift"; sourceTree = "<group>"; };
		A2F4A2BDAF1887FD7C0AEEBD /* Pods-Alhabib Abobakr.release.xcconfig */ = {isa = PBXFileReference; includeInIndex = 1; lastKnownFileType = text.xcconfig; name = "Pods-Alhabib Abobakr.release.xcconfig"; path = "Pods/Target Support Files/Pods-Alhabib Abobakr/Pods-Alhabib Abobakr.release.xcconfig"; sourceTree = "<group>"; };
		B261D070DEEEA046F67D9C89 /* Pods_Alhabib_Abobakr.framework */ = {isa = PBXFileReference; explicitFileType = wrapper.framework; includeInIndex = 0; path = Pods_Alhabib_Abobakr.framework; sourceTree = BUILT_PRODUCTS_DIR; };
		E7E1F08CEE1011B028D6B517 /* Pods-Alhabib Abobakr.debug.xcconfig */ = {isa = PBXFileReference; includeInIndex = 1; lastKnownFileType = text.xcconfig; name = "Pods-Alhabib Abobakr.debug.xcconfig"; path = "Pods/Target Support Files/Pods-Alhabib Abobakr/Pods-Alhabib Abobakr.debug.xcconfig"; sourceTree = "<group>"; };
/* End PBXFileReference section */

/* Begin PBXFrameworksBuildPhase section */
		30ABB561219AF22F00725F71 /* Frameworks */ = {
			isa = PBXFrameworksBuildPhase;
			buildActionMask = 2147483647;
			files = (
				1E5B904370DFD869618903CD /* Pods_Alhabib_Abobakr.framework in Frameworks */,
			);
			runOnlyForDeploymentPostprocessing = 0;
		};
/* End PBXFrameworksBuildPhase section */

/* Begin PBXGroup section */
		30ABB55B219AF22F00725F71 = {
			isa = PBXGroup;
			children = (
				30ABB566219AF22F00725F71 /* Alhabib Abobakr */,
				30ABB565219AF22F00725F71 /* Products */,
				792A3B532E34F5971CFFB3DA /* Pods */,
				67A1F1A4126AB20F6CED4C5B /* Frameworks */,
			);
			sourceTree = "<group>";
		};
		30ABB565219AF22F00725F71 /* Products */ = {
			isa = PBXGroup;
			children = (
				30ABB564219AF22F00725F71 /* Alhabib Abobakr.app */,
			);
			name = Products;
			sourceTree = "<group>";
		};
		30ABB566219AF22F00725F71 /* Alhabib Abobakr */ = {
			isa = PBXGroup;
			children = (
				30ABB567219AF22F00725F71 /* AppDelegate.swift */,
				30ABB56E219AF23400725F71 /* Assets.xcassets */,
				30ABB573219AF23400725F71 /* Info.plist */,
				30ABB582219B349600725F71 /* API */,
				30ABB57C219B0D8900725F71 /* APIDATA */,
				30ABB579219B0C0F00725F71 /* Model */,
				30ABB57F219B0ECC00725F71 /* ViewController */,
				30ABB56B219AF22F00725F71 /* Main.storyboard */,
				30ABB570219AF23400725F71 /* LaunchScreen.storyboard */,
			);
			path = "Alhabib Abobakr";
			sourceTree = "<group>";
		};
		30ABB579219B0C0F00725F71 /* Model */ = {
			isa = PBXGroup;
			children = (
				30ABB57A219B0C4100725F71 /* catCell.swift */,
			);
			path = Model;
			sourceTree = "<group>";
		};
		30ABB57C219B0D8900725F71 /* APIDATA */ = {
			isa = PBXGroup;
			children = (
				30ABB57D219B0DAF00725F71 /* CatItem.swift */,
				30ABB580219B124200725F71 /* Cats.plist */,
			);
			path = APIDATA;
			sourceTree = "<group>";
		};
		30ABB57F219B0ECC00725F71 /* ViewController */ = {
			isa = PBXGroup;
			children = (
				30ABB569219AF22F00725F71 /* ViewController.swift */,
			);
			path = ViewController;
			sourceTree = "<group>";
		};
		30ABB582219B349600725F71 /* API */ = {
			isa = PBXGroup;
			children = (
				30ABB583219B351400725F71 /* API+Banner.swift */,
			);
			path = API;
			sourceTree = "<group>";
		};
		67A1F1A4126AB20F6CED4C5B /* Frameworks */ = {
			isa = PBXGroup;
			children = (
				B261D070DEEEA046F67D9C89 /* Pods_Alhabib_Abobakr.framework */,
			);
			name = Frameworks;
			sourceTree = "<group>";
		};
		792A3B532E34F5971CFFB3DA /* Pods */ = {
			isa = PBXGroup;
			children = (
				E7E1F08CEE1011B028D6B517 /* Pods-Alhabib Abobakr.debug.xcconfig */,
				A2F4A2BDAF1887FD7C0AEEBD /* Pods-Alhabib Abobakr.release.xcconfig */,
			);
			name = Pods;
			sourceTree = "<group>";
		};
/* End PBXGroup section */

/* Begin PBXNativeTarget section */
		30ABB563219AF22F00725F71 /* Alhabib Abobakr */ = {
			isa = PBXNativeTarget;
			buildConfigurationList = 30ABB576219AF23400725F71 /* Build configuration list for PBXNativeTarget "Alhabib Abobakr" */;
			buildPhases = (
				DB00EA7628EB195EFA17A868 /* [CP] Check Pods Manifest.lock */,
				30ABB560219AF22F00725F71 /* Sources */,
				30ABB561219AF22F00725F71 /* Frameworks */,
				30ABB562219AF22F00725F71 /* Resources */,
				693BEEFC22F1424914D89C53 /* [CP] Embed Pods Frameworks */,
			);
			buildRules = (
			);
			dependencies = (
			);
			name = "Alhabib Abobakr";
			productName = "Alhabib Abobakr";
			productReference = 30ABB564219AF22F00725F71 /* Alhabib Abobakr.app */;
			productType = "com.apple.product-type.application";
		};
/* End PBXNativeTarget section */

/* Begin PBXProject section */
		30ABB55C219AF22F00725F71 /* Project object */ = {
			isa = PBXProject;
			attributes = {
				LastSwiftUpdateCheck = 1000;
				LastUpgradeCheck = 1000;
				ORGANIZATIONNAME = "Ahmed Farido";
				TargetAttributes = {
					30ABB563219AF22F00725F71 = {
						CreatedOnToolsVersion = 10.0;
					};
				};
			};
			buildConfigurationList = 30ABB55F219AF22F00725F71 /* Build configuration list for PBXProject "Alhabib Abobakr" */;
			compatibilityVersion = "Xcode 9.3";
			developmentRegion = en;
			hasScannedForEncodings = 0;
			knownRegions = (
				en,
				Base,
			);
			mainGroup = 30ABB55B219AF22F00725F71;
			productRefGroup = 30ABB565219AF22F00725F71 /* Products */;
			projectDirPath = "";
			projectRoot = "";
			targets = (
				30ABB563219AF22F00725F71 /* Alhabib Abobakr */,
			);
		};
/* End PBXProject section */

/* Begin PBXResourcesBuildPhase section */
		30ABB562219AF22F00725F71 /* Resources */ = {
			isa = PBXResourcesBuildPhase;
			buildActionMask = 2147483647;
			files = (
				30ABB572219AF23400725F71 /* LaunchScreen.storyboard in Resources */,
				30ABB56F219AF23400725F71 /* Assets.xcassets in Resources */,
				30ABB56D219AF22F00725F71 /* Main.storyboard in Resources */,
				30ABB581219B124200725F71 /* Cats.plist in Resources */,
			);
			runOnlyForDeploymentPostprocessing = 0;
		};
/* End PBXResourcesBuildPhase section */

/* Begin PBXShellScriptBuildPhase section */
		693BEEFC22F1424914D89C53 /* [CP] Embed Pods Frameworks */ = {
			isa = PBXShellScriptBuildPhase;
			buildActionMask = 2147483647;
			files = (
			);
			inputPaths = (
				"${SRCROOT}/Pods/Target Support Files/Pods-Alhabib Abobakr/Pods-Alhabib Abobakr-frameworks.sh",
				"${BUILT_PRODUCTS_DIR}/Alamofire/Alamofire.framework",
				"${BUILT_PRODUCTS_DIR}/IQKeyboardManagerSwift/IQKeyboardManagerSwift.framework",
				"${BUILT_PRODUCTS_DIR}/Kingfisher/Kingfisher.framework",
				"${BUILT_PRODUCTS_DIR}/SwiftyJSON/SwiftyJSON.framework",
			);
			name = "[CP] Embed Pods Frameworks";
			outputPaths = (
				"${TARGET_BUILD_DIR}/${FRAMEWORKS_FOLDER_PATH}/Alamofire.framework",
				"${TARGET_BUILD_DIR}/${FRAMEWORKS_FOLDER_PATH}/IQKeyboardManagerSwift.framework",
				"${TARGET_BUILD_DIR}/${FRAMEWORKS_FOLDER_PATH}/Kingfisher.framework",
				"${TARGET_BUILD_DIR}/${FRAMEWORKS_FOLDER_PATH}/SwiftyJSON.framework",
			);
			runOnlyForDeploymentPostprocessing = 0;
			shellPath = /bin/sh;
			shellScript = "\"${SRCROOT}/Pods/Target Support Files/Pods-Alhabib Abobakr/Pods-Alhabib Abobakr-frameworks.sh\"\n";
			showEnvVarsInLog = 0;
		};
		DB00EA7628EB195EFA17A868 /* [CP] Check Pods Manifest.lock */ = {
			isa = PBXShellScriptBuildPhase;
			buildActionMask = 2147483647;
			files = (
			);
			inputPaths = (
				"${PODS_PODFILE_DIR_PATH}/Podfile.lock",
				"${PODS_ROOT}/Manifest.lock",
			);
			name = "[CP] Check Pods Manifest.lock";
			outputPaths = (
				"$(DERIVED_FILE_DIR)/Pods-Alhabib Abobakr-checkManifestLockResult.txt",
			);
			runOnlyForDeploymentPostprocessing = 0;
			shellPath = /bin/sh;
			shellScript = "diff \"${PODS_PODFILE_DIR_PATH}/Podfile.lock\" \"${PODS_ROOT}/Manifest.lock\" > /dev/null\nif [ $? != 0 ] ; then\n    # print error to STDERR\n    echo \"error: The sandbox is not in sync with the Podfile.lock. Run 'pod install' or update your CocoaPods installation.\" >&2\n    exit 1\nfi\n# This output is used by Xcode 'outputs' to avoid re-running this script phase.\necho \"SUCCESS\" > \"${SCRIPT_OUTPUT_FILE_0}\"\n";
			showEnvVarsInLog = 0;
		};
/* End PBXShellScriptBuildPhase section */

/* Begin PBXSourcesBuildPhase section */
		30ABB560219AF22F00725F71 /* Sources */ = {
			isa = PBXSourcesBuildPhase;
			buildActionMask = 2147483647;
			files = (
				30ABB56A219AF22F00725F71 /* ViewController.swift in Sources */,
				30ABB57B219B0C4100725F71 /* catCell.swift in Sources */,
				30ABB584219B351400725F71 /* API+Banner.swift in Sources */,
				30ABB568219AF22F00725F71 /* AppDelegate.swift in Sources */,
				30ABB57E219B0DAF00725F71 /* CatItem.swift in Sources */,
			);
			runOnlyForDeploymentPostprocessing = 0;
		};
/* End PBXSourcesBuildPhase section */

/* Begin PBXVariantGroup section */
		30ABB56B219AF22F00725F71 /* Main.storyboard */ = {
			isa = PBXVariantGroup;
			children = (
				30ABB56C219AF22F00725F71 /* Base */,
			);
			name = Main.storyboard;
			sourceTree = "<group>";
		};
		30ABB570219AF23400725F71 /* LaunchScreen.storyboard */ = {
			isa = PBXVariantGroup;
			children = (
				30ABB571219AF23400725F71 /* Base */,
			);
			name = LaunchScreen.storyboard;
			sourceTree = "<group>";
		};
/* End PBXVariantGroup section */

/* Begin XCBuildConfiguration section */
		30ABB574219AF23400725F71 /* Debug */ = {
			isa = XCBuildConfiguration;
			buildSettings = {
				ALWAYS_SEARCH_USER_PATHS = NO;
				CLANG_ANALYZER_NONNULL = YES;
				CLANG_ANALYZER_NUMBER_OBJECT_CONVERSION = YES_AGGRESSIVE;
				CLANG_CXX_LANGUAGE_STANDARD = "gnu++14";
				CLANG_CXX_LIBRARY = "libc++";
				CLANG_ENABLE_MODULES = YES;
				CLANG_ENABLE_OBJC_ARC = YES;
				CLANG_ENABLE_OBJC_WEAK = YES;
				CLANG_WARN_BLOCK_CAPTURE_AUTORELEASING = YES;
				CLANG_WARN_BOOL_CONVERSION = YES;
				CLANG_WARN_COMMA = YES;
				CLANG_WARN_CONSTANT_CONVERSION = YES;
				CLANG_WARN_DEPRECATED_OBJC_IMPLEMENTATIONS = YES;
				CLANG_WARN_DIRECT_OBJC_ISA_USAGE = YES_ERROR;
				CLANG_WARN_DOCUMENTATION_COMMENTS = YES;
				CLANG_WARN_EMPTY_BODY = YES;
				CLANG_WARN_ENUM_CONVERSION = YES;
				CLANG_WARN_INFINITE_RECURSION = YES;
				CLANG_WARN_INT_CONVERSION = YES;
				CLANG_WARN_NON_LITERAL_NULL_CONVERSION = YES;
				CLANG_WARN_OBJC_IMPLICIT_RETAIN_SELF = YES;
				CLANG_WARN_OBJC_LITERAL_CONVERSION = YES;
				CLANG_WARN_OBJC_ROOT_CLASS = YES_ERROR;
				CLANG_WARN_RANGE_LOOP_ANALYSIS = YES;
				CLANG_WARN_STRICT_PROTOTYPES = YES;
				CLANG_WARN_SUSPICIOUS_MOVE = YES;
				CLANG_WARN_UNGUARDED_AVAILABILITY = YES_AGGRESSIVE;
				CLANG_WARN_UNREACHABLE_CODE = YES;
				CLANG_WARN__DUPLICATE_METHOD_MATCH = YES;
				CODE_SIGN_IDENTITY = "iPhone Developer";
				COPY_PHASE_STRIP = NO;
				DEBUG_INFORMATION_FORMAT = dwarf;
				ENABLE_STRICT_OBJC_MSGSEND = YES;
				ENABLE_TESTABILITY = YES;
				GCC_C_LANGUAGE_STANDARD = gnu11;
				GCC_DYNAMIC_NO_PIC = NO;
				GCC_NO_COMMON_BLOCKS = YES;
				GCC_OPTIMIZATION_LEVEL = 0;
				GCC_PREPROCESSOR_DEFINITIONS = (
					"DEBUG=1",
					"$(inherited)",
				);
				GCC_WARN_64_TO_32_BIT_CONVERSION = YES;
				GCC_WARN_ABOUT_RETURN_TYPE = YES_ERROR;
				GCC_WARN_UNDECLARED_SELECTOR = YES;
				GCC_WARN_UNINITIALIZED_AUTOS = YES_AGGRESSIVE;
				GCC_WARN_UNUSED_FUNCTION = YES;
				GCC_WARN_UNUSED_VARIABLE = YES;
				IPHONEOS_DEPLOYMENT_TARGET = 12.0;
				MTL_ENABLE_DEBUG_INFO = INCLUDE_SOURCE;
				MTL_FAST_MATH = YES;
				ONLY_ACTIVE_ARCH = YES;
				SDKROOT = iphoneos;
				SWIFT_ACTIVE_COMPILATION_CONDITIONS = DEBUG;
				SWIFT_OPTIMIZATION_LEVEL = "-Onone";
			};
			name = Debug;
		};
		30ABB575219AF23400725F71 /* Release */ = {
			isa = XCBuildConfiguration;
			buildSettings = {
				ALWAYS_SEARCH_USER_PATHS = NO;
				CLANG_ANALYZER_NONNULL = YES;
				CLANG_ANALYZER_NUMBER_OBJECT_CONVERSION = YES_AGGRESSIVE;
				CLANG_CXX_LANGUAGE_STANDARD = "gnu++14";
				CLANG_CXX_LIBRARY = "libc++";
				CLANG_ENABLE_MODULES = YES;
				CLANG_ENABLE_OBJC_ARC = YES;
				CLANG_ENABLE_OBJC_WEAK = YES;
				CLANG_WARN_BLOCK_CAPTURE_AUTORELEASING = YES;
				CLANG_WARN_BOOL_CONVERSION = YES;
				CLANG_WARN_COMMA = YES;
				CLANG_WARN_CONSTANT_CONVERSION = YES;
				CLANG_WARN_DEPRECATED_OBJC_IMPLEMENTATIONS = YES;
				CLANG_WARN_DIRECT_OBJC_ISA_USAGE = YES_ERROR;
				CLANG_WARN_DOCUMENTATION_COMMENTS = YES;
				CLANG_WARN_EMPTY_BODY = YES;
				CLANG_WARN_ENUM_CONVERSION = YES;
				CLANG_WARN_INFINITE_RECURSION = YES;
				CLANG_WARN_INT_CONVERSION = YES;
				CLANG_WARN_NON_LITERAL_NULL_CONVERSION = YES;
				CLANG_WARN_OBJC_IMPLICIT_RETAIN_SELF = YES;
				CLANG_WARN_OBJC_LITERAL_CONVERSION = YES;
				CLANG_WARN_OBJC_ROOT_CLASS = YES_ERROR;
				CLANG_WARN_RANGE_LOOP_ANALYSIS = YES;
				CLANG_WARN_STRICT_PROTOTYPES = YES;
				CLANG_WARN_SUSPICIOUS_MOVE = YES;
				CLANG_WARN_UNGUARDED_AVAILABILITY = YES_AGGRESSIVE;
				CLANG_WARN_UNREACHABLE_CODE = YES;
				CLANG_WARN__DUPLICATE_METHOD_MATCH = YES;
				CODE_SIGN_IDENTITY = "iPhone Developer";
				COPY_PHASE_STRIP = NO;
				DEBUG_INFORMATION_FORMAT = "dwarf-with-dsym";
				ENABLE_NS_ASSERTIONS = NO;
				ENABLE_STRICT_OBJC_MSGSEND = YES;
				GCC_C_LANGUAGE_STANDARD = gnu11;
				GCC_NO_COMMON_BLOCKS = YES;
				GCC_WARN_64_TO_32_BIT_CONVERSION = YES;
				GCC_WARN_ABOUT_RETURN_TYPE = YES_ERROR;
				GCC_WARN_UNDECLARED_SELECTOR = YES;
				GCC_WARN_UNINITIALIZED_AUTOS = YES_AGGRESSIVE;
				GCC_WARN_UNUSED_FUNCTION = YES;
				GCC_WARN_UNUSED_VARIABLE = YES;
				IPHONEOS_DEPLOYMENT_TARGET = 12.0;
				MTL_ENABLE_DEBUG_INFO = NO;
				MTL_FAST_MATH = YES;
				SDKROOT = iphoneos;
				SWIFT_COMPILATION_MODE = wholemodule;
				SWIFT_OPTIMIZATION_LEVEL = "-O";
				VALIDATE_PRODUCT = YES;
			};
			name = Release;
		};
		30ABB577219AF23400725F71 /* Debug */ = {
			isa = XCBuildConfiguration;
			baseConfigurationReference = E7E1F08CEE1011B028D6B517 /* Pods-Alhabib Abobakr.debug.xcconfig */;
			buildSettings = {
				ASSETCATALOG_COMPILER_APPICON_NAME = AppIcon;
				CODE_SIGN_STYLE = Automatic;
				INFOPLIST_FILE = "Alhabib Abobakr/Info.plist";
				LD_RUNPATH_SEARCH_PATHS = (
					"$(inherited)",
					"@executable_path/Frameworks",
				);
				PRODUCT_BUNDLE_IDENTIFIER = "x.Alhabib-Abobakr";
				PRODUCT_NAME = "$(TARGET_NAME)";
				SWIFT_VERSION = 4.2;
				TARGETED_DEVICE_FAMILY = "1,2";
			};
			name = Debug;
		};
		30ABB578219AF23400725F71 /* Release */ = {
			isa = XCBuildConfiguration;
			baseConfigurationReference = A2F4A2BDAF1887FD7C0AEEBD /* Pods-Alhabib Abobakr.release.xcconfig */;
			buildSettings = {
				ASSETCATALOG_COMPILER_APPICON_NAME = AppIcon;
				CODE_SIGN_STYLE = Automatic;
				INFOPLIST_FILE = "Alhabib Abobakr/Info.plist";
				LD_RUNPATH_SEARCH_PATHS = (
					"$(inherited)",
					"@executable_path/Frameworks",
				);
				PRODUCT_BUNDLE_IDENTIFIER = "x.Alhabib-Abobakr";
				PRODUCT_NAME = "$(TARGET_NAME)";
				SWIFT_VERSION = 4.2;
				TARGETED_DEVICE_FAMILY = "1,2";
			};
			name = Release;
		};
/* End XCBuildConfiguration section */

/* Begin XCConfigurationList section */
		30ABB55F219AF22F00725F71 /* Build configuration list for PBXProject "Alhabib Abobakr" */ = {
			isa = XCConfigurationList;
			buildConfigurations = (
				30ABB574219AF23400725F71 /* Debug */,
				30ABB575219AF23400725F71 /* Release */,
			);
			defaultConfigurationIsVisible = 0;
			defaultConfigurationName = Release;
		};
		30ABB576219AF23400725F71 /* Build configuration list for PBXNativeTarget "Alhabib Abobakr" */ = {
			isa = XCConfigurationList;
			buildConfigurations = (
				30ABB577219AF23400725F71 /* Debug */,
				30ABB578219AF23400725F71 /* Release */,
			);
			defaultConfigurationIsVisible = 0;
			defaultConfigurationName = Release;
		};
/* End XCConfigurationList section */
	};
	rootObject = 30ABB55C219AF22F00725F71 /* Project object */;
}
